{
  "requires": true,
  "lockfileVersion": 1,
  "dependencies": {
    "zingchart": {
      "version": "2.9.2",
      "resolved": "https://registry.npmjs.org/zingchart/-/zingchart-2.9.2.tgz",
      "integrity": "sha512-IjPLnRExUgrIGnlaw6rsAzWCX4qjuOCmwXRTwtLjAesmHNK9lQMdbA3sDtzflCog1zDUfnV6OeDu1daGHMbcpw=="
    }
  }
}
